
Microsoft Visual Studio Solution File, Format Version 12.00
# Visual Studio Version 17
VisualStudioVersion = 17.5.33414.496
MinimumVisualStudioVersion = 10.0.40219.1
Project("{FAE04EC0-301F-11D3-BF4B-00C04F79EFBC}") = "Week6StringsAndArrays", "Week6StringsAndArrays\Week6StringsAndArrays.csproj", "{52461B24-8615-4605-9A35-5112CBF399B5}"
EndProject
Project("{FAE04EC0-301F-11D3-BF4B-00C04F79EFBC}") = "Arrays", "Arrays\Arrays.csproj", "{F8FE0B18-8BB9-4271-85E9-056BC2326BEC}"
EndProject
Project("{FAE04EC0-301F-11D3-BF4B-00C04F79EFBC}") = "NumberArrays", "NumberArrays\NumberArrays.csproj", "{AA147806-5576-4940-9C6E-DA7275BC966F}"
EndProject
Project("{FAE04EC0-301F-11D3-BF4B-00C04F79EFBC}") = "RandomElement", "RandomElement\RandomElement.csproj", "{D33F3F40-BC2D-48DA-A3ED-C0CF23592457}"
EndProject
Global
	GlobalSection(SolutionConfigurationPlatforms) = preSolution
		Debug|Any CPU = Debug|Any CPU
		Release|Any CPU = Release|Any CPU
	EndGlobalSection
	GlobalSection(ProjectConfigurationPlatforms) = postSolution
		{52461B24-8615-4605-9A35-5112CBF399B5}.Debug|Any CPU.ActiveCfg = Debug|Any CPU
		{52461B24-8615-4605-9A35-5112CBF399B5}.Debug|Any CPU.Build.0 = Debug|Any CPU
		{52461B24-8615-4605-9A35-5112CBF399B5}.Release|Any CPU.ActiveCfg = Release|Any CPU
		{52461B24-8615-4605-9A35-5112CBF399B5}.Release|Any CPU.Build.0 = Release|Any CPU
		{F8FE0B18-8BB9-4271-85E9-056BC2326BEC}.Debug|Any CPU.ActiveCfg = Debug|Any CPU
		{F8FE0B18-8BB9-4271-85E9-056BC2326BEC}.Debug|Any CPU.Build.0 = Debug|Any CPU
		{F8FE0B18-8BB9-4271-85E9-056BC2326BEC}.Release|Any CPU.ActiveCfg = Release|Any CPU
		{F8FE0B18-8BB9-4271-85E9-056BC2326BEC}.Release|Any CPU.Build.0 = Release|Any CPU
		{AA147806-5576-4940-9C6E-DA7275BC966F}.Debug|Any CPU.ActiveCfg = Debug|Any CPU
		{AA147806-5576-4940-9C6E-DA7275BC966F}.Debug|Any CPU.Build.0 = Debug|Any CPU
		{AA147806-5576-4940-9C6E-DA7275BC966F}.Release|Any CPU.ActiveCfg = Release|Any CPU
		{AA147806-5576-4940-9C6E-DA7275BC966F}.Release|Any CPU.Build.0 = Release|Any CPU
		{D33F3F40-BC2D-48DA-A3ED-C0CF23592457}.Debug|Any CPU.ActiveCfg = Debug|Any CPU
		{D33F3F40-BC2D-48DA-A3ED-C0CF23592457}.Debug|Any CPU.Build.0 = Debug|Any CPU
		{D33F3F40-BC2D-48DA-A3ED-C0CF23592457}.Release|Any CPU.ActiveCfg = Release|Any CPU
		{D33F3F40-BC2D-48DA-A3ED-C0CF23592457}.Release|Any CPU.Build.0 = Release|Any CPU
	EndGlobalSection
	GlobalSection(SolutionProperties) = preSolution
		HideSolutionNode = FALSE
	EndGlobalSection
	GlobalSection(ExtensibilityGlobals) = postSolution
		SolutionGuid = {3A12C5D6-283E-48A0-AE34-74285DFE7D97}
	EndGlobalSection
EndGlobal
